
Microsoft Visual Studio Solution File, Format Version 12.00
# Visual Studio Version 17
VisualStudioVersion = 17.0.31912.275
MinimumVisualStudioVersion = 10.0.40219.1
Project("{E24C65DC-7377-472B-9ABA-BC803B73C61A}") = "CanvasWebsite", "D:\DEV\Templates\CanvasWebsite\", "{8971D1CE-70E0-48B8-8FCA-EF9C2613FC48}"
	ProjectSection(WebsiteProperties) = preProject
		TargetFrameworkMoniker = ".NETFramework,Version%3Dv4.0"
		Debug.AspNetCompiler.VirtualPath = "/localhost_61404"
		Debug.AspNetCompiler.PhysicalPath = "D:\DEV\Templates\CanvasWebsite\"
		Debug.AspNetCompiler.TargetPath = "PrecompiledWeb\localhost_61404\"
		Debug.AspNetCompiler.Updateable = "true"
		Debug.AspNetCompiler.ForceOverwrite = "true"
		Debug.AspNetCompiler.FixedNames = "false"
		Debug.AspNetCompiler.Debug = "True"
		Release.AspNetCompiler.VirtualPath = "/localhost_61404"
		Release.AspNetCompiler.PhysicalPath = "D:\DEV\Templates\CanvasWebsite\"
		Release.AspNetCompiler.TargetPath = "PrecompiledWeb\localhost_61404\"
		Release.AspNetCompiler.Updateable = "true"
		Release.AspNetCompiler.ForceOverwrite = "true"
		Release.AspNetCompiler.FixedNames = "false"
		Release.AspNetCompiler.Debug = "False"
		VWDPort = "61404"
	EndProjectSection
EndProject
Global
	GlobalSection(SolutionConfigurationPlatforms) = preSolution
		Debug|Any CPU = Debug|Any CPU
	EndGlobalSection
	GlobalSection(ProjectConfigurationPlatforms) = postSolution
		{8971D1CE-70E0-48B8-8FCA-EF9C2613FC48}.Debug|Any CPU.ActiveCfg = Debug|Any CPU
		{8971D1CE-70E0-48B8-8FCA-EF9C2613FC48}.Debug|Any CPU.Build.0 = Debug|Any CPU
	EndGlobalSection
	GlobalSection(SolutionProperties) = preSolution
		HideSolutionNode = FALSE
	EndGlobalSection
	GlobalSection(ExtensibilityGlobals) = postSolution
		SolutionGuid = {AF1E267A-D1D9-4BDF-9657-58325A8C7EAF}
	EndGlobalSection
EndGlobal
